// !$*UTF8*$!
{
	archiveVersion = 1;
	classes = {
	};
	objectVersion = 46;
	objects = {

/* Begin PBXBuildFile section */
		30C378A71ABBC83200C883A4 /* OpenGL.framework in Frameworks */ = {isa = PBXBuildFile; fileRef = 30C378A61ABBC83200C883A4 /* OpenGL.framework */; };
		30C378A91ABBC87700C883A4 /* SDL2.framework in Frameworks */ = {isa = PBXBuildFile; fileRef = 30C378A81ABBC87700C883A4 /* SDL2.framework */; };
		30C378C11ABBC96B00C883A4 /* Errors.cpp in Sources */ = {isa = PBXBuildFile; fileRef = 30C378AA1ABBC96B00C883A4 /* Errors.cpp */; };
		30C378C21ABBC96B00C883A4 /* GLSLProgram.cpp in Sources */ = {isa = PBXBuildFile; fileRef = 30C378AC1ABBC96B00C883A4 /* GLSLProgram.cpp */; };
		30C378C31ABBC96B00C883A4 /* ImageLoader.cpp in Sources */ = {isa = PBXBuildFile; fileRef = 30C378AF1ABBC96B00C883A4 /* ImageLoader.cpp */; };
		30C378C41ABBC96B00C883A4 /* IOManager.cpp in Sources */ = {isa = PBXBuildFile; fileRef = 30C378B11ABBC96B00C883A4 /* IOManager.cpp */; };
		30C378C51ABBC96B00C883A4 /* main.cpp in Sources */ = {isa = PBXBuildFile; fileRef = 30C378B31ABBC96B00C883A4 /* main.cpp */; };
		30C378C61ABBC96B00C883A4 /* MainGame.cpp in Sources */ = {isa = PBXBuildFile; fileRef = 30C378B41ABBC96B00C883A4 /* MainGame.cpp */; };
		30C378C71ABBC96B00C883A4 /* picoPNG.cpp in Sources */ = {isa = PBXBuildFile; fileRef = 30C378B61ABBC96B00C883A4 /* picoPNG.cpp */; };
		30C378C81ABBC96B00C883A4 /* ResourceManager.cpp in Sources */ = {isa = PBXBuildFile; fileRef = 30C378B81ABBC96B00C883A4 /* ResourceManager.cpp */; };
		30C378C91ABBC96B00C883A4 /* Sprite.cpp in Sources */ = {isa = PBXBuildFile; fileRef = 30C378BB1ABBC96B00C883A4 /* Sprite.cpp */; };
		30C378CA1ABBC96B00C883A4 /* TextureCache.cpp in Sources */ = {isa = PBXBuildFile; fileRef = 30C378BD1ABBC96B00C883A4 /* TextureCache.cpp */; };
/* End PBXBuildFile section */

/* Begin PBXCopyFilesBuildPhase section */
		30E4CBD31ABBC70700C5D0CD /* CopyFiles */ = {
			isa = PBXCopyFilesBuildPhase;
			buildActionMask = 2147483647;
			dstPath = /usr/share/man/man1/;
			dstSubfolderSpec = 0;
			files = (
			);
			runOnlyForDeploymentPostprocessing = 1;
		};
/* End PBXCopyFilesBuildPhase section */

/* Begin PBXFileReference section */
		30C378A61ABBC83200C883A4 /* OpenGL.framework */ = {isa = PBXFileReference; lastKnownFileType = wrapper.framework; name = OpenGL.framework; path = System/Library/Frameworks/OpenGL.framework; sourceTree = SDKROOT; };
		30C378A81ABBC87700C883A4 /* SDL2.framework */ = {isa = PBXFileReference; lastKnownFileType = wrapper.framework; name = SDL2.framework; path = ../../../../../../Library/Frameworks/SDL2.framework; sourceTree = "<group>"; };
		30C378AA1ABBC96B00C883A4 /* Errors.cpp */ = {isa = PBXFileReference; fileEncoding = 4; lastKnownFileType = sourcecode.cpp.cpp; path = Errors.cpp; sourceTree = "<group>"; };
		30C378AB1ABBC96B00C883A4 /* Errors.h */ = {isa = PBXFileReference; fileEncoding = 4; lastKnownFileType = sourcecode.c.h; path = Errors.h; sourceTree = "<group>"; };
		30C378AC1ABBC96B00C883A4 /* GLSLProgram.cpp */ = {isa = PBXFileReference; fileEncoding = 4; lastKnownFileType = sourcecode.cpp.cpp; path = GLSLProgram.cpp; sourceTree = "<group>"; };
		30C378AD1ABBC96B00C883A4 /* GLSLProgram.h */ = {isa = PBXFileReference; fileEncoding = 4; lastKnownFileType = sourcecode.c.h; path = GLSLProgram.h; sourceTree = "<group>"; };
		30C378AE1ABBC96B00C883A4 /* GLTexture.h */ = {isa = PBXFileReference; fileEncoding = 4; lastKnownFileType = sourcecode.c.h; path = GLTexture.h; sourceTree = "<group>"; };
		30C378AF1ABBC96B00C883A4 /* ImageLoader.cpp */ = {isa = PBXFileReference; fileEncoding = 4; lastKnownFileType = sourcecode.cpp.cpp; path = ImageLoader.cpp; sourceTree = "<group>"; };
		30C378B01ABBC96B00C883A4 /* ImageLoader.h */ = {isa = PBXFileReference; fileEncoding = 4; lastKnownFileType = sourcecode.c.h; path = ImageLoader.h; sourceTree = "<group>"; };
		30C378B11ABBC96B00C883A4 /* IOManager.cpp */ = {isa = PBXFileReference; fileEncoding = 4; lastKnownFileType = sourcecode.cpp.cpp; path = IOManager.cpp; sourceTree = "<group>"; };
		30C378B21ABBC96B00C883A4 /* IOManager.h */ = {isa = PBXFileReference; fileEncoding = 4; lastKnownFileType = sourcecode.c.h; path = IOManager.h; sourceTree = "<group>"; };
		30C378B31ABBC96B00C883A4 /* main.cpp */ = {isa = PBXFileReference; fileEncoding = 4; lastKnownFileType = sourcecode.cpp.cpp; path = main.cpp; sourceTree = "<group>"; };
		30C378B41ABBC96B00C883A4 /* MainGame.cpp */ = {isa = PBXFileReference; fileEncoding = 4; lastKnownFileType = sourcecode.cpp.cpp; path = MainGame.cpp; sourceTree = "<group>"; };
		30C378B51ABBC96B00C883A4 /* MainGame.h */ = {isa = PBXFileReference; fileEncoding = 4; lastKnownFileType = sourcecode.c.h; path = MainGame.h; sourceTree = "<group>"; };
		30C378B61ABBC96B00C883A4 /* picoPNG.cpp */ = {isa = PBXFileReference; fileEncoding = 4; lastKnownFileType = sourcecode.cpp.cpp; path = picoPNG.cpp; sourceTree = "<group>"; };
		30C378B71ABBC96B00C883A4 /* picoPNG.h */ = {isa = PBXFileReference; fileEncoding = 4; lastKnownFileType = sourcecode.c.h; path = picoPNG.h; sourceTree = "<group>"; };
		30C378B81ABBC96B00C883A4 /* ResourceManager.cpp */ = {isa = PBXFileReference; fileEncoding = 4; lastKnownFileType = sourcecode.cpp.cpp; path = ResourceManager.cpp; sourceTree = "<group>"; };
		30C378B91ABBC96B00C883A4 /* ResourceManager.h */ = {isa = PBXFileReference; fileEncoding = 4; lastKnownFileType = sourcecode.c.h; path = ResourceManager.h; sourceTree = "<group>"; };
		30C378BA1ABBC96B00C883A4 /* Shaders */ = {isa = PBXFileReference; lastKnownFileType = folder; path = Shaders; sourceTree = "<group>"; };
		30C378BB1ABBC96B00C883A4 /* Sprite.cpp */ = {isa = PBXFileReference; fileEncoding = 4; lastKnownFileType = sourcecode.cpp.cpp; path = Sprite.cpp; sourceTree = "<group>"; };
		30C378BC1ABBC96B00C883A4 /* Sprite.h */ = {isa = PBXFileReference; fileEncoding = 4; lastKnownFileType = sourcecode.c.h; path = Sprite.h; sourceTree = "<group>"; };
		30C378BD1ABBC96B00C883A4 /* TextureCache.cpp */ = {isa = PBXFileReference; fileEncoding = 4; lastKnownFileType = sourcecode.cpp.cpp; path = TextureCache.cpp; sourceTree = "<group>"; };
		30C378BE1ABBC96B00C883A4 /* TextureCache.h */ = {isa = PBXFileReference; fileEncoding = 4; lastKnownFileType = sourcecode.c.h; path = TextureCache.h; sourceTree = "<group>"; };
		30C378BF1ABBC96B00C883A4 /* Textures */ = {isa = PBXFileReference; lastKnownFileType = folder; path = Textures; sourceTree = "<group>"; };
		30C378C01ABBC96B00C883A4 /* Vertex.h */ = {isa = PBXFileReference; fileEncoding = 4; lastKnownFileType = sourcecode.c.h; path = Vertex.h; sourceTree = "<group>"; };
		30E4CBD51ABBC70700C5D0CD /* QuimiPop */ = {isa = PBXFileReference; explicitFileType = "compiled.mach-o.executable"; includeInIndex = 0; path = QuimiPop; sourceTree = BUILT_PRODUCTS_DIR; };
/* End PBXFileReference section */

/* Begin PBXFrameworksBuildPhase section */
		30E4CBD21ABBC70700C5D0CD /* Frameworks */ = {
			isa = PBXFrameworksBuildPhase;
			buildActionMask = 2147483647;
			files = (
				30C378A91ABBC87700C883A4 /* SDL2.framework in Frameworks */,
				30C378A71ABBC83200C883A4 /* OpenGL.framework in Frameworks */,
			);
			runOnlyForDeploymentPostprocessing = 0;
		};
/* End PBXFrameworksBuildPhase section */

/* Begin PBXGroup section */
		30C378CB1ABBC97400C883A4 /* Errors */ = {
			isa = PBXGroup;
			children = (
				30C378AA1ABBC96B00C883A4 /* Errors.cpp */,
				30C378AB1ABBC96B00C883A4 /* Errors.h */,
			);
			name = Errors;
			sourceTree = "<group>";
		};
		30C378CC1ABBC97A00C883A4 /* GLSLProgram */ = {
			isa = PBXGroup;
			children = (
				30C378AC1ABBC96B00C883A4 /* GLSLProgram.cpp */,
				30C378AD1ABBC96B00C883A4 /* GLSLProgram.h */,
			);
			name = GLSLProgram;
			sourceTree = "<group>";
		};
		30C378CD1ABBC98200C883A4 /* ImageLoader */ = {
			isa = PBXGroup;
			children = (
				30C378AF1ABBC96B00C883A4 /* ImageLoader.cpp */,
				30C378B01ABBC96B00C883A4 /* ImageLoader.h */,
			);
			name = ImageLoader;
			sourceTree = "<group>";
		};
		30C378CE1ABBC98900C883A4 /* IOManager */ = {
			isa = PBXGroup;
			children = (
				30C378B11ABBC96B00C883A4 /* IOManager.cpp */,
				30C378B21ABBC96B00C883A4 /* IOManager.h */,
			);
			name = IOManager;
			sourceTree = "<group>";
		};
		30C378CF1ABBC99D00C883A4 /* MainGame */ = {
			isa = PBXGroup;
			children = (
				30C378B41ABBC96B00C883A4 /* MainGame.cpp */,
				30C378B51ABBC96B00C883A4 /* MainGame.h */,
			);
			name = MainGame;
			sourceTree = "<group>";
		};
		30C378D01ABBC9A300C883A4 /* picoPNG */ = {
			isa = PBXGroup;
			children = (
				30C378B61ABBC96B00C883A4 /* picoPNG.cpp */,
				30C378B71ABBC96B00C883A4 /* picoPNG.h */,
			);
			name = picoPNG;
			sourceTree = "<group>";
		};
		30C378D11ABBC9B500C883A4 /* ResourceManager */ = {
			isa = PBXGroup;
			children = (
				30C378B81ABBC96B00C883A4 /* ResourceManager.cpp */,
				30C378B91ABBC96B00C883A4 /* ResourceManager.h */,
			);
			name = ResourceManager;
			sourceTree = "<group>";
		};
		30C378D21ABBCA4600C883A4 /* Sprite */ = {
			isa = PBXGroup;
			children = (
				30C378BB1ABBC96B00C883A4 /* Sprite.cpp */,
				30C378BC1ABBC96B00C883A4 /* Sprite.h */,
			);
			name = Sprite;
			sourceTree = "<group>";
		};
		30C378D31ABBCA4C00C883A4 /* TextureCache */ = {
			isa = PBXGroup;
			children = (
				30C378BD1ABBC96B00C883A4 /* TextureCache.cpp */,
				30C378BE1ABBC96B00C883A4 /* TextureCache.h */,
			);
			name = TextureCache;
			sourceTree = "<group>";
		};
		30E4CBCC1ABBC70600C5D0CD = {
			isa = PBXGroup;
			children = (
				30C378A81ABBC87700C883A4 /* SDL2.framework */,
				30C378A61ABBC83200C883A4 /* OpenGL.framework */,
				30E4CBD71ABBC70700C5D0CD /* QuimiPop */,
				30E4CBD61ABBC70700C5D0CD /* Products */,
			);
			sourceTree = "<group>";
		};
		30E4CBD61ABBC70700C5D0CD /* Products */ = {
			isa = PBXGroup;
			children = (
				30E4CBD51ABBC70700C5D0CD /* QuimiPop */,
			);
			name = Products;
			sourceTree = "<group>";
		};
		30E4CBD71ABBC70700C5D0CD /* QuimiPop */ = {
			isa = PBXGroup;
			children = (
				30C378CB1ABBC97400C883A4 /* Errors */,
				30C378CC1ABBC97A00C883A4 /* GLSLProgram */,
				30C378AE1ABBC96B00C883A4 /* GLTexture.h */,
				30C378CD1ABBC98200C883A4 /* ImageLoader */,
				30C378CE1ABBC98900C883A4 /* IOManager */,
				30C378B31ABBC96B00C883A4 /* main.cpp */,
				30C378CF1ABBC99D00C883A4 /* MainGame */,
				30C378D01ABBC9A300C883A4 /* picoPNG */,
				30C378D11ABBC9B500C883A4 /* ResourceManager */,
				30C378BA1ABBC96B00C883A4 /* Shaders */,
				30C378D21ABBCA4600C883A4 /* Sprite */,
				30C378D31ABBCA4C00C883A4 /* TextureCache */,
				30C378BF1ABBC96B00C883A4 /* Textures */,
				30C378C01ABBC96B00C883A4 /* Vertex.h */,
			);
			path = QuimiPop;
			sourceTree = "<group>";
		};
/* End PBXGroup section */

/* Begin PBXNativeTarget section */
		30E4CBD41ABBC70700C5D0CD /* QuimiPop */ = {
			isa = PBXNativeTarget;
			buildConfigurationList = 30E4CBDC1ABBC70700C5D0CD /* Build configuration list for PBXNativeTarget "QuimiPop" */;
			buildPhases = (
				30E4CBD11ABBC70700C5D0CD /* Sources */,
				30E4CBD21ABBC70700C5D0CD /* Frameworks */,
				30E4CBD31ABBC70700C5D0CD /* CopyFiles */,
			);
			buildRules = (
			);
			dependencies = (
			);
			name = QuimiPop;
			productName = QuimiPop;
			productReference = 30E4CBD51ABBC70700C5D0CD /* QuimiPop */;
			productType = "com.apple.product-type.tool";
		};
/* End PBXNativeTarget section */

/* Begin PBXProject section */
		30E4CBCD1ABBC70700C5D0CD /* Project object */ = {
			isa = PBXProject;
			attributes = {
				LastUpgradeCheck = 0620;
				ORGANIZATIONNAME = "Eduardo Alberto Sanchez Alvarado";
				TargetAttributes = {
					30E4CBD41ABBC70700C5D0CD = {
						CreatedOnToolsVersion = 6.2;
					};
				};
			};
			buildConfigurationList = 30E4CBD01ABBC70700C5D0CD /* Build configuration list for PBXProject "QuimiPop" */;
			compatibilityVersion = "Xcode 3.2";
			developmentRegion = English;
			hasScannedForEncodings = 0;
			knownRegions = (
				en,
			);
			mainGroup = 30E4CBCC1ABBC70600C5D0CD;
			productRefGroup = 30E4CBD61ABBC70700C5D0CD /* Products */;
			projectDirPath = "";
			projectRoot = "";
			targets = (
				30E4CBD41ABBC70700C5D0CD /* QuimiPop */,
			);
		};
/* End PBXProject section */

/* Begin PBXSourcesBuildPhase section */
		30E4CBD11ABBC70700C5D0CD /* Sources */ = {
			isa = PBXSourcesBuildPhase;
			buildActionMask = 2147483647;
			files = (
				30C378CA1ABBC96B00C883A4 /* TextureCache.cpp in Sources */,
				30C378C61ABBC96B00C883A4 /* MainGame.cpp in Sources */,
				30C378C21ABBC96B00C883A4 /* GLSLProgram.cpp in Sources */,
				30C378C41ABBC96B00C883A4 /* IOManager.cpp in Sources */,
				30C378C11ABBC96B00C883A4 /* Errors.cpp in Sources */,
				30C378C71ABBC96B00C883A4 /* picoPNG.cpp in Sources */,
				30C378C51ABBC96B00C883A4 /* main.cpp in Sources */,
				30C378C31ABBC96B00C883A4 /* ImageLoader.cpp in Sources */,
				30C378C81ABBC96B00C883A4 /* ResourceManager.cpp in Sources */,
				30C378C91ABBC96B00C883A4 /* Sprite.cpp in Sources */,
			);
			runOnlyForDeploymentPostprocessing = 0;
		};
/* End PBXSourcesBuildPhase section */

/* Begin XCBuildConfiguration section */
		30E4CBDA1ABBC70700C5D0CD /* Debug */ = {
			isa = XCBuildConfiguration;
			buildSettings = {
				ALWAYS_SEARCH_USER_PATHS = NO;
				CLANG_CXX_LANGUAGE_STANDARD = "gnu++0x";
				CLANG_CXX_LIBRARY = "libc++";
				CLANG_ENABLE_MODULES = YES;
				CLANG_ENABLE_OBJC_ARC = YES;
				CLANG_WARN_BOOL_CONVERSION = YES;
				CLANG_WARN_CONSTANT_CONVERSION = YES;
				CLANG_WARN_DIRECT_OBJC_ISA_USAGE = YES_ERROR;
				CLANG_WARN_EMPTY_BODY = YES;
				CLANG_WARN_ENUM_CONVERSION = YES;
				CLANG_WARN_INT_CONVERSION = YES;
				CLANG_WARN_OBJC_ROOT_CLASS = YES_ERROR;
				CLANG_WARN_UNREACHABLE_CODE = YES;
				CLANG_WARN__DUPLICATE_METHOD_MATCH = YES;
				COPY_PHASE_STRIP = NO;
				ENABLE_STRICT_OBJC_MSGSEND = YES;
				GCC_C_LANGUAGE_STANDARD = gnu99;
				GCC_DYNAMIC_NO_PIC = NO;
				GCC_OPTIMIZATION_LEVEL = 0;
				GCC_PREPROCESSOR_DEFINITIONS = (
					"DEBUG=1",
					"$(inherited)",
				);
				GCC_SYMBOLS_PRIVATE_EXTERN = NO;
				GCC_WARN_64_TO_32_BIT_CONVERSION = YES;
				GCC_WARN_ABOUT_RETURN_TYPE = YES_ERROR;
				GCC_WARN_UNDECLARED_SELECTOR = YES;
				GCC_WARN_UNINITIALIZED_AUTOS = YES_AGGRESSIVE;
				GCC_WARN_UNUSED_FUNCTION = YES;
				GCC_WARN_UNUSED_VARIABLE = YES;
				MACOSX_DEPLOYMENT_TARGET = 10.10;
				MTL_ENABLE_DEBUG_INFO = YES;
				ONLY_ACTIVE_ARCH = YES;
				SDKROOT = macosx;
			};
			name = Debug;
		};
		30E4CBDB1ABBC70700C5D0CD /* Release */ = {
			isa = XCBuildConfiguration;
			buildSettings = {
				ALWAYS_SEARCH_USER_PATHS = NO;
				CLANG_CXX_LANGUAGE_STANDARD = "gnu++0x";
				CLANG_CXX_LIBRARY = "libc++";
				CLANG_ENABLE_MODULES = YES;
				CLANG_ENABLE_OBJC_ARC = YES;
				CLANG_WARN_BOOL_CONVERSION = YES;
				CLANG_WARN_CONSTANT_CONVERSION = YES;
				CLANG_WARN_DIRECT_OBJC_ISA_USAGE = YES_ERROR;
				CLANG_WARN_EMPTY_BODY = YES;
				CLANG_WARN_ENUM_CONVERSION = YES;
				CLANG_WARN_INT_CONVERSION = YES;
				CLANG_WARN_OBJC_ROOT_CLASS = YES_ERROR;
				CLANG_WARN_UNREACHABLE_CODE = YES;
				CLANG_WARN__DUPLICATE_METHOD_MATCH = YES;
				COPY_PHASE_STRIP = NO;
				DEBUG_INFORMATION_FORMAT = "dwarf-with-dsym";
				ENABLE_NS_ASSERTIONS = NO;
				ENABLE_STRICT_OBJC_MSGSEND = YES;
				GCC_C_LANGUAGE_STANDARD = gnu99;
				GCC_WARN_64_TO_32_BIT_CONVERSION = YES;
				GCC_WARN_ABOUT_RETURN_TYPE = YES_ERROR;
				GCC_WARN_UNDECLARED_SELECTOR = YES;
				GCC_WARN_UNINITIALIZED_AUTOS = YES_AGGRESSIVE;
				GCC_WARN_UNUSED_FUNCTION = YES;
				GCC_WARN_UNUSED_VARIABLE = YES;
				MACOSX_DEPLOYMENT_TARGET = 10.10;
				MTL_ENABLE_DEBUG_INFO = NO;
				SDKROOT = macosx;
			};
			name = Release;
		};
		30E4CBDD1ABBC70700C5D0CD /* Debug */ = {
			isa = XCBuildConfiguration;
			buildSettings = {
				FRAMEWORK_SEARCH_PATHS = (
					"$(inherited)",
					"$(LOCAL_LIBRARY_DIR)/Frameworks",
				);
				PRODUCT_NAME = "$(TARGET_NAME)";
			};
			name = Debug;
		};
		30E4CBDE1ABBC70700C5D0CD /* Release */ = {
			isa = XCBuildConfiguration;
			buildSettings = {
				FRAMEWORK_SEARCH_PATHS = (
					"$(inherited)",
					"$(LOCAL_LIBRARY_DIR)/Frameworks",
				);
				PRODUCT_NAME = "$(TARGET_NAME)";
			};
			name = Release;
		};
/* End XCBuildConfiguration section */

/* Begin XCConfigurationList section */
		30E4CBD01ABBC70700C5D0CD /* Build configuration list for PBXProject "QuimiPop" */ = {
			isa = XCConfigurationList;
			buildConfigurations = (
				30E4CBDA1ABBC70700C5D0CD /* Debug */,
				30E4CBDB1ABBC70700C5D0CD /* Release */,
			);
			defaultConfigurationIsVisible = 0;
			defaultConfigurationName = Release;
		};
		30E4CBDC1ABBC70700C5D0CD /* Build configuration list for PBXNativeTarget "QuimiPop" */ = {
			isa = XCConfigurationList;
			buildConfigurations = (
				30E4CBDD1ABBC70700C5D0CD /* Debug */,
				30E4CBDE1ABBC70700C5D0CD /* Release */,
			);
			defaultConfigurationIsVisible = 0;
			defaultConfigurationName = Release;
		};
/* End XCConfigurationList section */
	};
	rootObject = 30E4CBCD1ABBC70700C5D0CD /* Project object */;
}
